// !$*UTF8*$!
{
	archiveVersion = 1;
	classes = {
	};
	objectVersion = 77;
	objects = {

/* Begin PBXBuildFile section */
		035DCC5452804B03B387E719 /* SceneDelegate.swift in Sources */ = {isa = PBXBuildFile; fileRef = D535EAB0479812D11B4B6BF9 /* SceneDelegate.swift */; };
		045E423149AFC95BB8FCF8BA /* LaunchScreen.storyboard in Resources */ = {isa = PBXBuildFile; fileRef = B2B8A488E6FB22D0D77C70C2 /* LaunchScreen.storyboard */; };
		08CF3787B9AD4473174978A8 /* CapHostStatusTests.swift in Sources */ = {isa = PBXBuildFile; fileRef = 530B74C1493712546D7B0895 /* CapHostStatusTests.swift */; };
		0ADB94C5A038C786CE56837A /* UIViewController+ShellAlert.swift in Sources */ = {isa = PBXBuildFile; fileRef = D45F73F90995A6FFCC6C446B /* UIViewController+ShellAlert.swift */; };
		0FFB13F6A08A246141124DF8 /* LynxShellUITests.swift in Sources */ = {isa = PBXBuildFile; fileRef = 27DFEDA91226844127382A87 /* LynxShellUITests.swift */; };
		1653C5FD80EDAF0612D614AB /* ShellOtaRuntimeReadinessTests.swift in Sources */ = {isa = PBXBuildFile; fileRef = 7C33EF42AE6A227DF13D2663 /* ShellOtaRuntimeReadinessTests.swift */; };
		29E0FED5E5BD331368F31BD0 /* Pods_LynxNativeReadinessTests.framework in Frameworks */ = {isa = PBXBuildFile; fileRef = 323F17216A03F3498DF4DC92 /* Pods_LynxNativeReadinessTests.framework */; };
		3AD7D1A7722C5C17ADD73D13 /* LauncherViewController.swift in Sources */ = {isa = PBXBuildFile; fileRef = EB68D288FC09A76F8E3ABDBE /* LauncherViewController.swift */; };
		4066E25806E9111D8D8DA7DC /* CapOwnerRuntimeTests.swift in Sources */ = {isa = PBXBuildFile; fileRef = 9636594DC73D65DA265E3843 /* CapOwnerRuntimeTests.swift */; };
		45C9BB56DE11504879FD1994 /* LynxCapacitorSampleHost.swift in Sources */ = {isa = PBXBuildFile; fileRef = D74720A64EA13C3DB0A8FCBD /* LynxCapacitorSampleHost.swift */; };
		49EEF4ED4B79CD4CAB869EE5 /* SceneDelegate.swift in Sources */ = {isa = PBXBuildFile; fileRef = D535EAB0479812D11B4B6BF9 /* SceneDelegate.swift */; };
		4DFF2FE74896020E838307CF /* ShellOtaHealthGateTests.swift in Sources */ = {isa = PBXBuildFile; fileRef = 00CC2FA5E5BBEC344A4186E0 /* ShellOtaHealthGateTests.swift */; };
		51122FD1FEE6122EB1B42931 /* LynxCapacitorSampleHost.swift in Sources */ = {isa = PBXBuildFile; fileRef = D74720A64EA13C3DB0A8FCBD /* LynxCapacitorSampleHost.swift */; };
		58ADC48BCB071EE1158E4052 /* LynxShellUITests.swift in Sources */ = {isa = PBXBuildFile; fileRef = 27DFEDA91226844127382A87 /* LynxShellUITests.swift */; };
		5C08645A63891DEC93BCF677 /* ShellSDKDestroyIntegrationTests.swift in Sources */ = {isa = PBXBuildFile; fileRef = CF9A24DBE078479391727179 /* ShellSDKDestroyIntegrationTests.swift */; };
		5F0DEFA864AE07C1F16596A4 /* CapIOExecutorTests.swift in Sources */ = {isa = PBXBuildFile; fileRef = C9BA060C0333E7B73DD3881E /* CapIOExecutorTests.swift */; };
		5F6C79E4E81B012D7E2F8EDA /* LaunchScreen.storyboard in Resources */ = {isa = PBXBuildFile; fileRef = B2B8A488E6FB22D0D77C70C2 /* LaunchScreen.storyboard */; };
		60B9EE6C36D1D16F28EB08CC /* Bundles in Resources */ = {isa = PBXBuildFile; fileRef = 671E23524F850A0312DC1F31 /* Bundles */; };
		6D06BBC328943D75B6687CD1 /* NativeReadinessTemplateUITests.swift in Sources */ = {isa = PBXBuildFile; fileRef = 871CA9B8B7A90BDA83863ECD /* NativeReadinessTemplateUITests.swift */; };
		7B8FA6E773EDB716064AD240 /* AppDelegate.swift in Sources */ = {isa = PBXBuildFile; fileRef = BDC72B6468F3396CF46F2562 /* AppDelegate.swift */; };
		7EC905C4E46C53CEC31CBE2D /* NativeReadinessTemplateUITests.swift in Sources */ = {isa = PBXBuildFile; fileRef = 871CA9B8B7A90BDA83863ECD /* NativeReadinessTemplateUITests.swift */; };
		7F6893ED353852D215A7C00F /* Pods_LynxShell.framework in Frameworks */ = {isa = PBXBuildFile; fileRef = 0B03E15BED358FF028066F62 /* Pods_LynxShell.framework */; };
		888E72CBE73F71B18643E473 /* NativeTabBarDemoViewController.swift in Sources */ = {isa = PBXBuildFile; fileRef = FEC559492CD3CE5E5564261E /* NativeTabBarDemoViewController.swift */; };
		92525A3E104E090ECC325C46 /* Pods_LynxShellE2EHost.framework in Frameworks */ = {isa = PBXBuildFile; fileRef = 06A1C8B9BC3DB486E558BB04 /* Pods_LynxShellE2EHost.framework */; };
		9B5CC5128AB238B01153064C /* UIViewController+ShellAlert.swift in Sources */ = {isa = PBXBuildFile; fileRef = D45F73F90995A6FFCC6C446B /* UIViewController+ShellAlert.swift */; };
		B70AB00F1F0A6C0DB6E4BFAF /* OtaUserSelectionUITests.swift in Sources */ = {isa = PBXBuildFile; fileRef = 20615DDB29CCC0B6CA568ABB /* OtaUserSelectionUITests.swift */; };
		B86A5B7A2BE0AFA1F9C1CD1E /* LauncherViewController.swift in Sources */ = {isa = PBXBuildFile; fileRef = EB68D288FC09A76F8E3ABDBE /* LauncherViewController.swift */; };
		B922420FD8D780F71CA85F57 /* Bundles in Resources */ = {isa = PBXBuildFile; fileRef = 671E23524F850A0312DC1F31 /* Bundles */; };
		C60B4AEB7B3A6A801143BBB6 /* NativeTabBarDemoViewController.swift in Sources */ = {isa = PBXBuildFile; fileRef = FEC559492CD3CE5E5564261E /* NativeTabBarDemoViewController.swift */; };
		CAD57C4AC17AB5A965339F9E /* ShellContainerHealthIntegrationTests.swift in Sources */ = {isa = PBXBuildFile; fileRef = E41A077B5ED07054207B96C4 /* ShellContainerHealthIntegrationTests.swift */; };
		DBA3449C11D85900F50C72AB /* AppDelegate.swift in Sources */ = {isa = PBXBuildFile; fileRef = BDC72B6468F3396CF46F2562 /* AppDelegate.swift */; };
		FBBFD6E7E6AEAB9FD113BEF7 /* CapHTTPDatabaseTests.swift in Sources */ = {isa = PBXBuildFile; fileRef = 8EDFF0C1EA8E761DDE94B320 /* CapHTTPDatabaseTests.swift */; };
/* End PBXBuildFile section */

/* Begin PBXContainerItemProxy section */
		57356ABF92676428366F8450 /* PBXContainerItemProxy */ = {
			isa = PBXContainerItemProxy;
			containerPortal = FDDF8BDF11B6C714A1B0811C /* Project object */;
			proxyType = 1;
			remoteGlobalIDString = 93FAA71CB4FE289CB16BC663;
			remoteInfo = LynxShellE2EHost;
		};
		57D4E931CD1DAC25CB8BC91B /* PBXContainerItemProxy */ = {
			isa = PBXContainerItemProxy;
			containerPortal = FDDF8BDF11B6C714A1B0811C /* Project object */;
			proxyType = 1;
			remoteGlobalIDString = 93FAA71CB4FE289CB16BC663;
			remoteInfo = LynxShellE2EHost;
		};
		6B47582ED3EC5BC69F90FA8D /* PBXContainerItemProxy */ = {
			isa = PBXContainerItemProxy;
			containerPortal = FDDF8BDF11B6C714A1B0811C /* Project object */;
			proxyType = 1;
			remoteGlobalIDString = 1781B1EACFAA77DADE792A45;
			remoteInfo = LynxShell;
		};
/* End PBXContainerItemProxy section */

/* Begin PBXFileReference section */
		00CC2FA5E5BBEC344A4186E0 /* ShellOtaHealthGateTests.swift */ = {isa = PBXFileReference; lastKnownFileType = sourcecode.swift; path = ShellOtaHealthGateTests.swift; sourceTree = "<group>"; };
		06A1C8B9BC3DB486E558BB04 /* Pods_LynxShellE2EHost.framework */ = {isa = PBXFileReference; explicitFileType = wrapper.framework; includeInIndex = 0; path = Pods_LynxShellE2EHost.framework; sourceTree = BUILT_PRODUCTS_DIR; };
		08D831E65EC3442566902FB6 /* Pods-LynxNativeReadinessTests.debug.xcconfig */ = {isa = PBXFileReference; includeInIndex = 1; lastKnownFileType = text.xcconfig; name = "Pods-LynxNativeReadinessTests.debug.xcconfig"; path = "Target Support Files/Pods-LynxNativeReadinessTests/Pods-LynxNativeReadinessTests.debug.xcconfig"; sourceTree = "<group>"; };
		0B03E15BED358FF028066F62 /* Pods_LynxShell.framework */ = {isa = PBXFileReference; explicitFileType = wrapper.framework; includeInIndex = 0; path = Pods_LynxShell.framework; sourceTree = BUILT_PRODUCTS_DIR; };
		20615DDB29CCC0B6CA568ABB /* OtaUserSelectionUITests.swift */ = {isa = PBXFileReference; lastKnownFileType = sourcecode.swift; path = OtaUserSelectionUITests.swift; sourceTree = "<group>"; };
		27DFEDA91226844127382A87 /* LynxShellUITests.swift */ = {isa = PBXFileReference; lastKnownFileType = sourcecode.swift; path = LynxShellUITests.swift; sourceTree = "<group>"; };
		323F17216A03F3498DF4DC92 /* Pods_LynxNativeReadinessTests.framework */ = {isa = PBXFileReference; explicitFileType = wrapper.framework; includeInIndex = 0; path = Pods_LynxNativeReadinessTests.framework; sourceTree = BUILT_PRODUCTS_DIR; };
		3EA8ABAA8C91C4088725070A /* LynxShellE2EHost.app */ = {isa = PBXFileReference; includeInIndex = 0; lastKnownFileType = wrapper.application; path = LynxShellE2EHost.app; sourceTree = BUILT_PRODUCTS_DIR; };
		451B298A4D0B1A4EE25E9EBA /* Pods-LynxShellE2EHost.debug.xcconfig */ = {isa = PBXFileReference; includeInIndex = 1; lastKnownFileType = text.xcconfig; name = "Pods-LynxShellE2EHost.debug.xcconfig"; path = "Target Support Files/Pods-LynxShellE2EHost/Pods-LynxShellE2EHost.debug.xcconfig"; sourceTree = "<group>"; };
		530B74C1493712546D7B0895 /* CapHostStatusTests.swift */ = {isa = PBXFileReference; lastKnownFileType = sourcecode.swift; path = CapHostStatusTests.swift; sourceTree = "<group>"; };
		5B4FB3146BC1EDCB1213AC42 /* Pods-LynxNativeReadinessTests.release.xcconfig */ = {isa = PBXFileReference; includeInIndex = 1; lastKnownFileType = text.xcconfig; name = "Pods-LynxNativeReadinessTests.release.xcconfig"; path = "Target Support Files/Pods-LynxNativeReadinessTests/Pods-LynxNativeReadinessTests.release.xcconfig"; sourceTree = "<group>"; };
		671E23524F850A0312DC1F31 /* Bundles */ = {isa = PBXFileReference; lastKnownFileType = folder; name = Bundles; path = LynxShellSample/Resources/Bundles; sourceTree = SOURCE_ROOT; };
		733EB8F5862AB4FCBEE30596 /* Pods-LynxShell.release.xcconfig */ = {isa = PBXFileReference; includeInIndex = 1; lastKnownFileType = text.xcconfig; name = "Pods-LynxShell.release.xcconfig"; path = "Target Support Files/Pods-LynxShell/Pods-LynxShell.release.xcconfig"; sourceTree = "<group>"; };
		7C33EF42AE6A227DF13D2663 /* ShellOtaRuntimeReadinessTests.swift */ = {isa = PBXFileReference; lastKnownFileType = sourcecode.swift; path = ShellOtaRuntimeReadinessTests.swift; sourceTree = "<group>"; };
		7D084C2E2A6A3CAE21831EBE /* Pods-LynxShell.debug.xcconfig */ = {isa = PBXFileReference; includeInIndex = 1; lastKnownFileType = text.xcconfig; name = "Pods-LynxShell.debug.xcconfig"; path = "Target Support Files/Pods-LynxShell/Pods-LynxShell.debug.xcconfig"; sourceTree = "<group>"; };
		871CA9B8B7A90BDA83863ECD /* NativeReadinessTemplateUITests.swift */ = {isa = PBXFileReference; lastKnownFileType = sourcecode.swift; path = NativeReadinessTemplateUITests.swift; sourceTree = "<group>"; };
		8EDFF0C1EA8E761DDE94B320 /* CapHTTPDatabaseTests.swift */ = {isa = PBXFileReference; lastKnownFileType = sourcecode.swift; path = CapHTTPDatabaseTests.swift; sourceTree = "<group>"; };
		9636594DC73D65DA265E3843 /* CapOwnerRuntimeTests.swift */ = {isa = PBXFileReference; lastKnownFileType = sourcecode.swift; path = CapOwnerRuntimeTests.swift; sourceTree = "<group>"; };
		A68C9DA63B50DD0DB2D94693 /* LynxShellE2EUITests.xctest */ = {isa = PBXFileReference; includeInIndex = 0; lastKnownFileType = wrapper.cfbundle; path = LynxShellE2EUITests.xctest; sourceTree = BUILT_PRODUCTS_DIR; };
		B2B8A488E6FB22D0D77C70C2 /* LaunchScreen.storyboard */ = {isa = PBXFileReference; lastKnownFileType = file.storyboard; path = LaunchScreen.storyboard; sourceTree = "<group>"; };
		BDC72B6468F3396CF46F2562 /* AppDelegate.swift */ = {isa = PBXFileReference; lastKnownFileType = sourcecode.swift; path = AppDelegate.swift; sourceTree = "<group>"; };
		C9BA060C0333E7B73DD3881E /* CapIOExecutorTests.swift */ = {isa = PBXFileReference; lastKnownFileType = sourcecode.swift; path = CapIOExecutorTests.swift; sourceTree = "<group>"; };
		CB1F313B2F4077991B8523DA /* LynxShell.app */ = {isa = PBXFileReference; includeInIndex = 0; lastKnownFileType = wrapper.application; path = LynxShell.app; sourceTree = BUILT_PRODUCTS_DIR; };
		CD887E9B774654ACF1DC6C68 /* LynxNativeReadinessTests.xctest */ = {isa = PBXFileReference; includeInIndex = 0; lastKnownFileType = wrapper.cfbundle; path = LynxNativeReadinessTests.xctest; sourceTree = BUILT_PRODUCTS_DIR; };
		CF9A24DBE078479391727179 /* ShellSDKDestroyIntegrationTests.swift */ = {isa = PBXFileReference; lastKnownFileType = sourcecode.swift; path = ShellSDKDestroyIntegrationTests.swift; sourceTree = "<group>"; };
		D45F73F90995A6FFCC6C446B /* UIViewController+ShellAlert.swift */ = {isa = PBXFileReference; lastKnownFileType = sourcecode.swift; path = "UIViewController+ShellAlert.swift"; sourceTree = "<group>"; };
		D535EAB0479812D11B4B6BF9 /* SceneDelegate.swift */ = {isa = PBXFileReference; lastKnownFileType = sourcecode.swift; path = SceneDelegate.swift; sourceTree = "<group>"; };
		D74720A64EA13C3DB0A8FCBD /* LynxCapacitorSampleHost.swift */ = {isa = PBXFileReference; lastKnownFileType = sourcecode.swift; path = LynxCapacitorSampleHost.swift; sourceTree = "<group>"; };
		E41A077B5ED07054207B96C4 /* ShellContainerHealthIntegrationTests.swift */ = {isa = PBXFileReference; lastKnownFileType = sourcecode.swift; path = ShellContainerHealthIntegrationTests.swift; sourceTree = "<group>"; };
		E88A8D44CF89959CD5328FF2 /* Pods-LynxShellE2EHost.release.xcconfig */ = {isa = PBXFileReference; includeInIndex = 1; lastKnownFileType = text.xcconfig; name = "Pods-LynxShellE2EHost.release.xcconfig"; path = "Target Support Files/Pods-LynxShellE2EHost/Pods-LynxShellE2EHost.release.xcconfig"; sourceTree = "<group>"; };
		EB68D288FC09A76F8E3ABDBE /* LauncherViewController.swift */ = {isa = PBXFileReference; lastKnownFileType = sourcecode.swift; path = LauncherViewController.swift; sourceTree = "<group>"; };
		FDFE6EDFEA96961A72494905 /* LynxShellUITests.xctest */ = {isa = PBXFileReference; includeInIndex = 0; lastKnownFileType = wrapper.cfbundle; path = LynxShellUITests.xctest; sourceTree = BUILT_PRODUCTS_DIR; };
		FEC559492CD3CE5E5564261E /* NativeTabBarDemoViewController.swift */ = {isa = PBXFileReference; lastKnownFileType = sourcecode.swift; path = NativeTabBarDemoViewController.swift; sourceTree = "<group>"; };
/* End PBXFileReference section */

/* Begin PBXFrameworksBuildPhase section */
		56FF3A029888E06026FC57CD /* Frameworks */ = {
			isa = PBXFrameworksBuildPhase;
			buildActionMask = 2147483647;
			files = (
				92525A3E104E090ECC325C46 /* Pods_LynxShellE2EHost.framework in Frameworks */,
			);
			runOnlyForDeploymentPostprocessing = 0;
		};
		946ABDB7BB5EAED85F532584 /* Frameworks */ = {
			isa = PBXFrameworksBuildPhase;
			buildActionMask = 2147483647;
			files = (
				29E0FED5E5BD331368F31BD0 /* Pods_LynxNativeReadinessTests.framework in Frameworks */,
			);
			runOnlyForDeploymentPostprocessing = 0;
		};
		BB6C6CE7735DF86327948F6C /* Frameworks */ = {
			isa = PBXFrameworksBuildPhase;
			buildActionMask = 2147483647;
			files = (
				7F6893ED353852D215A7C00F /* Pods_LynxShell.framework in Frameworks */,
			);
			runOnlyForDeploymentPostprocessing = 0;
		};
/* End PBXFrameworksBuildPhase section */

/* Begin PBXGroup section */
		0008A317B9BEEC9C7A94C9C8 /* Products */ = {
			isa = PBXGroup;
			children = (
				CD887E9B774654ACF1DC6C68 /* LynxNativeReadinessTests.xctest */,
				CB1F313B2F4077991B8523DA /* LynxShell.app */,
				3EA8ABAA8C91C4088725070A /* LynxShellE2EHost.app */,
				A68C9DA63B50DD0DB2D94693 /* LynxShellE2EUITests.xctest */,
				FDFE6EDFEA96961A72494905 /* LynxShellUITests.xctest */,
			);
			name = Products;
			sourceTree = "<group>";
		};
		4FE3E5EEB94B280E2DBF4DD7 /* Supporting */ = {
			isa = PBXGroup;
			children = (
				B2B8A488E6FB22D0D77C70C2 /* LaunchScreen.storyboard */,
			);
			path = Supporting;
			sourceTree = "<group>";
		};
		6FFC29560BDEA8ADB7656EBE /* App */ = {
			isa = PBXGroup;
			children = (
				BDC72B6468F3396CF46F2562 /* AppDelegate.swift */,
				D74720A64EA13C3DB0A8FCBD /* LynxCapacitorSampleHost.swift */,
				D535EAB0479812D11B4B6BF9 /* SceneDelegate.swift */,
			);
			path = App;
			sourceTree = "<group>";
		};
		70E80808EE4BCA6048153172 /* Pods */ = {
			isa = PBXGroup;
			children = (
				08D831E65EC3442566902FB6 /* Pods-LynxNativeReadinessTests.debug.xcconfig */,
				5B4FB3146BC1EDCB1213AC42 /* Pods-LynxNativeReadinessTests.release.xcconfig */,
				7D084C2E2A6A3CAE21831EBE /* Pods-LynxShell.debug.xcconfig */,
				733EB8F5862AB4FCBEE30596 /* Pods-LynxShell.release.xcconfig */,
				451B298A4D0B1A4EE25E9EBA /* Pods-LynxShellE2EHost.debug.xcconfig */,
				E88A8D44CF89959CD5328FF2 /* Pods-LynxShellE2EHost.release.xcconfig */,
			);
			name = Pods;
			path = Pods;
			sourceTree = "<group>";
		};
		7D3C5E6EA770422B71AB8DD8 /* NativeReadiness */ = {
			isa = PBXGroup;
			children = (
				530B74C1493712546D7B0895 /* CapHostStatusTests.swift */,
				8EDFF0C1EA8E761DDE94B320 /* CapHTTPDatabaseTests.swift */,
				C9BA060C0333E7B73DD3881E /* CapIOExecutorTests.swift */,
				9636594DC73D65DA265E3843 /* CapOwnerRuntimeTests.swift */,
				E41A077B5ED07054207B96C4 /* ShellContainerHealthIntegrationTests.swift */,
				00CC2FA5E5BBEC344A4186E0 /* ShellOtaHealthGateTests.swift */,
				7C33EF42AE6A227DF13D2663 /* ShellOtaRuntimeReadinessTests.swift */,
				CF9A24DBE078479391727179 /* ShellSDKDestroyIntegrationTests.swift */,
			);
			name = NativeReadiness;
			path = Tests/NativeReadiness;
			sourceTree = "<group>";
		};
		7F2BDE1303A4C40AB4DEDA9B /* Frameworks */ = {
			isa = PBXGroup;
			children = (
				323F17216A03F3498DF4DC92 /* Pods_LynxNativeReadinessTests.framework */,
				0B03E15BED358FF028066F62 /* Pods_LynxShell.framework */,
				06A1C8B9BC3DB486E558BB04 /* Pods_LynxShellE2EHost.framework */,
			);
			name = Frameworks;
			sourceTree = "<group>";
		};
		C89ED508A02A75E2433DBBB4 = {
			isa = PBXGroup;
			children = (
				671E23524F850A0312DC1F31 /* Bundles */,
				E4EF8224AD5989EC30CCFD7D /* LynxShellSample */,
				7D3C5E6EA770422B71AB8DD8 /* NativeReadiness */,
				F2F381773CC25F187FF35DBA /* UITests */,
				0008A317B9BEEC9C7A94C9C8 /* Products */,
				70E80808EE4BCA6048153172 /* Pods */,
				7F2BDE1303A4C40AB4DEDA9B /* Frameworks */,
			);
			sourceTree = "<group>";
		};
		DA6878B035A6F741C354F5F5 /* UI */ = {
			isa = PBXGroup;
			children = (
				EB68D288FC09A76F8E3ABDBE /* LauncherViewController.swift */,
				FEC559492CD3CE5E5564261E /* NativeTabBarDemoViewController.swift */,
				D45F73F90995A6FFCC6C446B /* UIViewController+ShellAlert.swift */,
			);
			path = UI;
			sourceTree = "<group>";
		};
		E4EF8224AD5989EC30CCFD7D /* LynxShellSample */ = {
			isa = PBXGroup;
			children = (
				6FFC29560BDEA8ADB7656EBE /* App */,
				4FE3E5EEB94B280E2DBF4DD7 /* Supporting */,
				DA6878B035A6F741C354F5F5 /* UI */,
			);
			path = LynxShellSample;
			sourceTree = "<group>";
		};
		F2F381773CC25F187FF35DBA /* UITests */ = {
			isa = PBXGroup;
			children = (
				27DFEDA91226844127382A87 /* LynxShellUITests.swift */,
				871CA9B8B7A90BDA83863ECD /* NativeReadinessTemplateUITests.swift */,
				20615DDB29CCC0B6CA568ABB /* OtaUserSelectionUITests.swift */,
			);
			name = UITests;
			path = Tests/UITests;
			sourceTree = "<group>";
		};
/* End PBXGroup section */

/* Begin PBXNativeTarget section */
		1781B1EACFAA77DADE792A45 /* LynxShell */ = {
			isa = PBXNativeTarget;
			buildConfigurationList = 152B6AADF6121D162A95282E /* Build configuration list for PBXNativeTarget "LynxShell" */;
			buildPhases = (
				A51CADC92314E8785D8C3D97 /* [CP] Check Pods Manifest.lock */,
				85EDB69EDB4E62C8A2F5F7C5 /* Sources */,
				BB93503754F8D1B943BE6CB6 /* Resources */,
				BB6C6CE7735DF86327948F6C /* Frameworks */,
				A29ECFB0B862CCB9B7089A19 /* [CP] Copy Pods Resources */,
			);
			buildRules = (
			);
			dependencies = (
			);
			name = LynxShell;
			productName = LynxShell;
			productReference = CB1F313B2F4077991B8523DA /* LynxShell.app */;
			productType = "com.apple.product-type.application";
		};
		93FAA71CB4FE289CB16BC663 /* LynxShellE2EHost */ = {
			isa = PBXNativeTarget;
			buildConfigurationList = D6C81D39346E8F1B124BEE1D /* Build configuration list for PBXNativeTarget "LynxShellE2EHost" */;
			buildPhases = (
				470F9EC2A6F78E827D6DBE59 /* [CP] Check Pods Manifest.lock */,
				EA59E7E8830358999A0DEC75 /* Sources */,
				E961C327FFC19F53D36134BE /* Resources */,
				56FF3A029888E06026FC57CD /* Frameworks */,
				61B0BF2446E74E947C4EBF53 /* [CP] Copy Pods Resources */,
			);
			buildRules = (
			);
			dependencies = (
			);
			name = LynxShellE2EHost;
			productName = LynxShellE2EHost;
			productReference = 3EA8ABAA8C91C4088725070A /* LynxShellE2EHost.app */;
			productType = "com.apple.product-type.application";
		};
		A765ADCE709CBF3C7FED4333 /* LynxShellUITests */ = {
			isa = PBXNativeTarget;
			buildConfigurationList = 4786B07EF642293D35A572C4 /* Build configuration list for PBXNativeTarget "LynxShellUITests" */;
			buildPhases = (
				02BD18E73EAF8ED236F20B5F /* Sources */,
			);
			buildRules = (
			);
			dependencies = (
				4F00C452E8F49DC607D18BD3 /* PBXTargetDependency */,
			);
			name = LynxShellUITests;
			productName = LynxShellUITests;
			productReference = FDFE6EDFEA96961A72494905 /* LynxShellUITests.xctest */;
			productType = "com.apple.product-type.bundle.ui-testing";
		};
		DB12F8360AF561223B8FF346 /* LynxShellE2EUITests */ = {
			isa = PBXNativeTarget;
			buildConfigurationList = CE7C25B8594632FABDEDD125 /* Build configuration list for PBXNativeTarget "LynxShellE2EUITests" */;
			buildPhases = (
				F08D80D0EC1F1CA29A84FD69 /* Sources */,
			);
			buildRules = (
			);
			dependencies = (
				115BE235DB8DAF1656784CF1 /* PBXTargetDependency */,
			);
			name = LynxShellE2EUITests;
			productName = LynxShellE2EUITests;
			productReference = A68C9DA63B50DD0DB2D94693 /* LynxShellE2EUITests.xctest */;
			productType = "com.apple.product-type.bundle.ui-testing";
		};
		F4E0BF5F1C16327BC928D901 /* LynxNativeReadinessTests */ = {
			isa = PBXNativeTarget;
			buildConfigurationList = 10CBD5561F722D0D98837FC6 /* Build configuration list for PBXNativeTarget "LynxNativeReadinessTests" */;
			buildPhases = (
				74C82958913C2FA2FE2C57CA /* [CP] Check Pods Manifest.lock */,
				DF89627CA016D81BC1B66266 /* Sources */,
				946ABDB7BB5EAED85F532584 /* Frameworks */,
			);
			buildRules = (
			);
			dependencies = (
				3ED9F3C4D581EC714C99FC01 /* PBXTargetDependency */,
			);
			name = LynxNativeReadinessTests;
			productName = LynxNativeReadinessTests;
			productReference = CD887E9B774654ACF1DC6C68 /* LynxNativeReadinessTests.xctest */;
			productType = "com.apple.product-type.bundle.unit-test";
		};
/* End PBXNativeTarget section */

/* Begin PBXProject section */
		FDDF8BDF11B6C714A1B0811C /* Project object */ = {
			isa = PBXProject;
			attributes = {
				BuildIndependentTargetsInParallel = YES;
				LastUpgradeCheck = 1430;
				TargetAttributes = {
					1781B1EACFAA77DADE792A45 = {
						DevelopmentTeam = J6SYSM2AHQ;
						ProvisioningStyle = Automatic;
					};
					93FAA71CB4FE289CB16BC663 = {
						DevelopmentTeam = J6SYSM2AHQ;
						ProvisioningStyle = Automatic;
					};
					A765ADCE709CBF3C7FED4333 = {
						TestTargetID = 1781B1EACFAA77DADE792A45;
					};
					DB12F8360AF561223B8FF346 = {
						TestTargetID = 93FAA71CB4FE289CB16BC663;
					};
				};
			};
			buildConfigurationList = 4A4B178344E3A456221C436E /* Build configuration list for PBXProject "LynxShell" */;
			developmentRegion = en;
			hasScannedForEncodings = 0;
			knownRegions = (
				Base,
				en,
			);
			mainGroup = C89ED508A02A75E2433DBBB4;
			minimizedProjectReferenceProxies = 1;
			preferredProjectObjectVersion = 77;
			productRefGroup = 0008A317B9BEEC9C7A94C9C8 /* Products */;
			projectDirPath = "";
			projectRoot = "";
			targets = (
				1781B1EACFAA77DADE792A45 /* LynxShell */,
				A765ADCE709CBF3C7FED4333 /* LynxShellUITests */,
				93FAA71CB4FE289CB16BC663 /* LynxShellE2EHost */,
				DB12F8360AF561223B8FF346 /* LynxShellE2EUITests */,
				F4E0BF5F1C16327BC928D901 /* LynxNativeReadinessTests */,
			);
		};
/* End PBXProject section */

/* Begin PBXResourcesBuildPhase section */
		BB93503754F8D1B943BE6CB6 /* Resources */ = {
			isa = PBXResourcesBuildPhase;
			buildActionMask = 2147483647;
			files = (
				60B9EE6C36D1D16F28EB08CC /* Bundles in Resources */,
				5F6C79E4E81B012D7E2F8EDA /* LaunchScreen.storyboard in Resources */,
			);
			runOnlyForDeploymentPostprocessing = 0;
		};
		E961C327FFC19F53D36134BE /* Resources */ = {
			isa = PBXResourcesBuildPhase;
			buildActionMask = 2147483647;
			files = (
				B922420FD8D780F71CA85F57 /* Bundles in Resources */,
				045E423149AFC95BB8FCF8BA /* LaunchScreen.storyboard in Resources */,
			);
			runOnlyForDeploymentPostprocessing = 0;
		};
/* End PBXResourcesBuildPhase section */

/* Begin PBXShellScriptBuildPhase section */
		470F9EC2A6F78E827D6DBE59 /* [CP] Check Pods Manifest.lock */ = {
			isa = PBXShellScriptBuildPhase;
			buildActionMask = 2147483647;
			files = (
			);
			inputFileListPaths = (
			);
			inputPaths = (
				"${PODS_PODFILE_DIR_PATH}/Podfile.lock",
				"${PODS_ROOT}/Manifest.lock",
			);
			name = "[CP] Check Pods Manifest.lock";
			outputFileListPaths = (
			);
			outputPaths = (
				"$(DERIVED_FILE_DIR)/Pods-LynxShellE2EHost-checkManifestLockResult.txt",
			);
			runOnlyForDeploymentPostprocessing = 0;
			shellPath = /bin/sh;
			shellScript = "diff \"${PODS_PODFILE_DIR_PATH}/Podfile.lock\" \"${PODS_ROOT}/Manifest.lock\" > /dev/null\nif [ $? != 0 ] ; then\n    # print error to STDERR\n    echo \"error: The sandbox is not in sync with the Podfile.lock. Run 'pod install' or update your CocoaPods installation.\" >&2\n    exit 1\nfi\n# This output is used by Xcode 'outputs' to avoid re-running this script phase.\necho \"SUCCESS\" > \"${SCRIPT_OUTPUT_FILE_0}\"\n";
			showEnvVarsInLog = 0;
		};
		61B0BF2446E74E947C4EBF53 /* [CP] Copy Pods Resources */ = {
			isa = PBXShellScriptBuildPhase;
			buildActionMask = 2147483647;
			files = (
			);
			inputFileListPaths = (
				"${PODS_ROOT}/Target Support Files/Pods-LynxShellE2EHost/Pods-LynxShellE2EHost-resources-${CONFIGURATION}-input-files.xcfilelist",
			);
			name = "[CP] Copy Pods Resources";
			outputFileListPaths = (
				"${PODS_ROOT}/Target Support Files/Pods-LynxShellE2EHost/Pods-LynxShellE2EHost-resources-${CONFIGURATION}-output-files.xcfilelist",
			);
			runOnlyForDeploymentPostprocessing = 0;
			shellPath = /bin/sh;
			shellScript = "\"${PODS_ROOT}/Target Support Files/Pods-LynxShellE2EHost/Pods-LynxShellE2EHost-resources.sh\"\n";
			showEnvVarsInLog = 0;
		};
		74C82958913C2FA2FE2C57CA /* [CP] Check Pods Manifest.lock */ = {
			isa = PBXShellScriptBuildPhase;
			buildActionMask = 2147483647;
			files = (
			);
			inputFileListPaths = (
			);
			inputPaths = (
				"${PODS_PODFILE_DIR_PATH}/Podfile.lock",
				"${PODS_ROOT}/Manifest.lock",
			);
			name = "[CP] Check Pods Manifest.lock";
			outputFileListPaths = (
			);
			outputPaths = (
				"$(DERIVED_FILE_DIR)/Pods-LynxNativeReadinessTests-checkManifestLockResult.txt",
			);
			runOnlyForDeploymentPostprocessing = 0;
			shellPath = /bin/sh;
			shellScript = "diff \"${PODS_PODFILE_DIR_PATH}/Podfile.lock\" \"${PODS_ROOT}/Manifest.lock\" > /dev/null\nif [ $? != 0 ] ; then\n    # print error to STDERR\n    echo \"error: The sandbox is not in sync with the Podfile.lock. Run 'pod install' or update your CocoaPods installation.\" >&2\n    exit 1\nfi\n# This output is used by Xcode 'outputs' to avoid re-running this script phase.\necho \"SUCCESS\" > \"${SCRIPT_OUTPUT_FILE_0}\"\n";
			showEnvVarsInLog = 0;
		};
		A29ECFB0B862CCB9B7089A19 /* [CP] Copy Pods Resources */ = {
			isa = PBXShellScriptBuildPhase;
			buildActionMask = 2147483647;
			files = (
			);
			inputFileListPaths = (
				"${PODS_ROOT}/Target Support Files/Pods-LynxShell/Pods-LynxShell-resources-${CONFIGURATION}-input-files.xcfilelist",
			);
			name = "[CP] Copy Pods Resources";
			outputFileListPaths = (
				"${PODS_ROOT}/Target Support Files/Pods-LynxShell/Pods-LynxShell-resources-${CONFIGURATION}-output-files.xcfilelist",
			);
			runOnlyForDeploymentPostprocessing = 0;
			shellPath = /bin/sh;
			shellScript = "\"${PODS_ROOT}/Target Support Files/Pods-LynxShell/Pods-LynxShell-resources.sh\"\n";
			showEnvVarsInLog = 0;
		};
		A51CADC92314E8785D8C3D97 /* [CP] Check Pods Manifest.lock */ = {
			isa = PBXShellScriptBuildPhase;
			buildActionMask = 2147483647;
			files = (
			);
			inputFileListPaths = (
			);
			inputPaths = (
				"${PODS_PODFILE_DIR_PATH}/Podfile.lock",
				"${PODS_ROOT}/Manifest.lock",
			);
			name = "[CP] Check Pods Manifest.lock";
			outputFileListPaths = (
			);
			outputPaths = (
				"$(DERIVED_FILE_DIR)/Pods-LynxShell-checkManifestLockResult.txt",
			);
			runOnlyForDeploymentPostprocessing = 0;
			shellPath = /bin/sh;
			shellScript = "diff \"${PODS_PODFILE_DIR_PATH}/Podfile.lock\" \"${PODS_ROOT}/Manifest.lock\" > /dev/null\nif [ $? != 0 ] ; then\n    # print error to STDERR\n    echo \"error: The sandbox is not in sync with the Podfile.lock. Run 'pod install' or update your CocoaPods installation.\" >&2\n    exit 1\nfi\n# This output is used by Xcode 'outputs' to avoid re-running this script phase.\necho \"SUCCESS\" > \"${SCRIPT_OUTPUT_FILE_0}\"\n";
			showEnvVarsInLog = 0;
		};
/* End PBXShellScriptBuildPhase section */

/* Begin PBXSourcesBuildPhase section */
		02BD18E73EAF8ED236F20B5F /* Sources */ = {
			isa = PBXSourcesBuildPhase;
			buildActionMask = 2147483647;
			files = (
				0FFB13F6A08A246141124DF8 /* LynxShellUITests.swift in Sources */,
				6D06BBC328943D75B6687CD1 /* NativeReadinessTemplateUITests.swift in Sources */,
				B70AB00F1F0A6C0DB6E4BFAF /* OtaUserSelectionUITests.swift in Sources */,
			);
			runOnlyForDeploymentPostprocessing = 0;
		};
		85EDB69EDB4E62C8A2F5F7C5 /* Sources */ = {
			isa = PBXSourcesBuildPhase;
			buildActionMask = 2147483647;
			files = (
				DBA3449C11D85900F50C72AB /* AppDelegate.swift in Sources */,
				3AD7D1A7722C5C17ADD73D13 /* LauncherViewController.swift in Sources */,
				45C9BB56DE11504879FD1994 /* LynxCapacitorSampleHost.swift in Sources */,
				C60B4AEB7B3A6A801143BBB6 /* NativeTabBarDemoViewController.swift in Sources */,
				49EEF4ED4B79CD4CAB869EE5 /* SceneDelegate.swift in Sources */,
				9B5CC5128AB238B01153064C /* UIViewController+ShellAlert.swift in Sources */,
			);
			runOnlyForDeploymentPostprocessing = 0;
		};
		DF89627CA016D81BC1B66266 /* Sources */ = {
			isa = PBXSourcesBuildPhase;
			buildActionMask = 2147483647;
			files = (
				FBBFD6E7E6AEAB9FD113BEF7 /* CapHTTPDatabaseTests.swift in Sources */,
				08CF3787B9AD4473174978A8 /* CapHostStatusTests.swift in Sources */,
				5F0DEFA864AE07C1F16596A4 /* CapIOExecutorTests.swift in Sources */,
				4066E25806E9111D8D8DA7DC /* CapOwnerRuntimeTests.swift in Sources */,
				CAD57C4AC17AB5A965339F9E /* ShellContainerHealthIntegrationTests.swift in Sources */,
				4DFF2FE74896020E838307CF /* ShellOtaHealthGateTests.swift in Sources */,
				1653C5FD80EDAF0612D614AB /* ShellOtaRuntimeReadinessTests.swift in Sources */,
				5C08645A63891DEC93BCF677 /* ShellSDKDestroyIntegrationTests.swift in Sources */,
			);
			runOnlyForDeploymentPostprocessing = 0;
		};
		EA59E7E8830358999A0DEC75 /* Sources */ = {
			isa = PBXSourcesBuildPhase;
			buildActionMask = 2147483647;
			files = (
				7B8FA6E773EDB716064AD240 /* AppDelegate.swift in Sources */,
				B86A5B7A2BE0AFA1F9C1CD1E /* LauncherViewController.swift in Sources */,
				51122FD1FEE6122EB1B42931 /* LynxCapacitorSampleHost.swift in Sources */,
				888E72CBE73F71B18643E473 /* NativeTabBarDemoViewController.swift in Sources */,
				035DCC5452804B03B387E719 /* SceneDelegate.swift in Sources */,
				0ADB94C5A038C786CE56837A /* UIViewController+ShellAlert.swift in Sources */,
			);
			runOnlyForDeploymentPostprocessing = 0;
		};
		F08D80D0EC1F1CA29A84FD69 /* Sources */ = {
			isa = PBXSourcesBuildPhase;
			buildActionMask = 2147483647;
			files = (
				58ADC48BCB071EE1158E4052 /* LynxShellUITests.swift in Sources */,
				7EC905C4E46C53CEC31CBE2D /* NativeReadinessTemplateUITests.swift in Sources */,
			);
			runOnlyForDeploymentPostprocessing = 0;
		};
/* End PBXSourcesBuildPhase section */

/* Begin PBXTargetDependency section */
		115BE235DB8DAF1656784CF1 /* PBXTargetDependency */ = {
			isa = PBXTargetDependency;
			target = 93FAA71CB4FE289CB16BC663 /* LynxShellE2EHost */;
			targetProxy = 57356ABF92676428366F8450 /* PBXContainerItemProxy */;
		};
		3ED9F3C4D581EC714C99FC01 /* PBXTargetDependency */ = {
			isa = PBXTargetDependency;
			target = 93FAA71CB4FE289CB16BC663 /* LynxShellE2EHost */;
			targetProxy = 57D4E931CD1DAC25CB8BC91B /* PBXContainerItemProxy */;
		};
		4F00C452E8F49DC607D18BD3 /* PBXTargetDependency */ = {
			isa = PBXTargetDependency;
			target = 1781B1EACFAA77DADE792A45 /* LynxShell */;
			targetProxy = 6B47582ED3EC5BC69F90FA8D /* PBXContainerItemProxy */;
		};
/* End PBXTargetDependency section */

/* Begin XCBuildConfiguration section */
		213095ECEBF1FBD18CFADF5A /* Debug */ = {
			isa = XCBuildConfiguration;
			buildSettings = {
				ALWAYS_SEARCH_USER_PATHS = NO;
				CLANG_ANALYZER_NONNULL = YES;
				CLANG_ANALYZER_NUMBER_OBJECT_CONVERSION = YES_AGGRESSIVE;
				CLANG_CXX_LANGUAGE_STANDARD = "gnu++14";
				CLANG_CXX_LIBRARY = "libc++";
				CLANG_ENABLE_EXPLICIT_MODULES = NO;
				CLANG_ENABLE_MODULES = YES;
				CLANG_ENABLE_OBJC_ARC = YES;
				CLANG_ENABLE_OBJC_WEAK = YES;
				CLANG_WARN_BLOCK_CAPTURE_AUTORELEASING = YES;
				CLANG_WARN_BOOL_CONVERSION = YES;
				CLANG_WARN_COMMA = YES;
				CLANG_WARN_CONSTANT_CONVERSION = YES;
				CLANG_WARN_DEPRECATED_OBJC_IMPLEMENTATIONS = YES;
				CLANG_WARN_DIRECT_OBJC_ISA_USAGE = YES_ERROR;
				CLANG_WARN_DOCUMENTATION_COMMENTS = YES;
				CLANG_WARN_EMPTY_BODY = YES;
				CLANG_WARN_ENUM_CONVERSION = YES;
				CLANG_WARN_INFINITE_RECURSION = YES;
				CLANG_WARN_INT_CONVERSION = YES;
				CLANG_WARN_NON_LITERAL_NULL_CONVERSION = YES;
				CLANG_WARN_OBJC_IMPLICIT_RETAIN_SELF = YES;
				CLANG_WARN_OBJC_LITERAL_CONVERSION = YES;
				CLANG_WARN_OBJC_ROOT_CLASS = YES_ERROR;
				CLANG_WARN_QUOTED_INCLUDE_IN_FRAMEWORK_HEADER = YES;
				CLANG_WARN_RANGE_LOOP_ANALYSIS = YES;
				CLANG_WARN_STRICT_PROTOTYPES = YES;
				CLANG_WARN_SUSPICIOUS_MOVE = YES;
				CLANG_WARN_UNGUARDED_AVAILABILITY = YES_AGGRESSIVE;
				CLANG_WARN_UNREACHABLE_CODE = YES;
				CLANG_WARN__DUPLICATE_METHOD_MATCH = YES;
				COPY_PHASE_STRIP = NO;
				DEBUG_INFORMATION_FORMAT = dwarf;
				ENABLE_STRICT_OBJC_MSGSEND = YES;
				ENABLE_TESTABILITY = YES;
				ENABLE_USER_SCRIPT_SANDBOXING = NO;
				GCC_C_LANGUAGE_STANDARD = gnu11;
				GCC_DYNAMIC_NO_PIC = NO;
				GCC_NO_COMMON_BLOCKS = YES;
				GCC_OPTIMIZATION_LEVEL = 0;
				GCC_PREPROCESSOR_DEFINITIONS = (
					"$(inherited)",
					"DEBUG=1",
				);
				GCC_WARN_64_TO_32_BIT_CONVERSION = YES;
				GCC_WARN_ABOUT_RETURN_TYPE = YES_ERROR;
				GCC_WARN_UNDECLARED_SELECTOR = YES;
				GCC_WARN_UNINITIALIZED_AUTOS = YES_AGGRESSIVE;
				GCC_WARN_UNUSED_FUNCTION = YES;
				GCC_WARN_UNUSED_VARIABLE = YES;
				IPHONEOS_DEPLOYMENT_TARGET = 14.0;
				MTL_ENABLE_DEBUG_INFO = INCLUDE_SOURCE;
				MTL_FAST_MATH = YES;
				ONLY_ACTIVE_ARCH = YES;
				PRODUCT_NAME = "$(TARGET_NAME)";
				SDKROOT = iphoneos;
				SWIFT_ACTIVE_COMPILATION_CONDITIONS = DEBUG;
				SWIFT_ENABLE_EXPLICIT_MODULES = NO;
				SWIFT_OPTIMIZATION_LEVEL = "-Onone";
				SWIFT_VERSION = 5.0;
			};
			name = Debug;
		};
		26893F77886FC57B8FB30704 /* Release */ = {
			isa = XCBuildConfiguration;
			baseConfigurationReference = 5B4FB3146BC1EDCB1213AC42 /* Pods-LynxNativeReadinessTests.release.xcconfig */;
			buildSettings = {
				BUNDLE_LOADER = "$(TEST_HOST)";
				GENERATE_INFOPLIST_FILE = YES;
				IPHONEOS_DEPLOYMENT_TARGET = 14.0;
				LD_RUNPATH_SEARCH_PATHS = (
					"$(inherited)",
					"@executable_path/Frameworks",
					"@loader_path/Frameworks",
				);
				PRODUCT_BUNDLE_IDENTIFIER = "com.huangbaoche.client.store.native-readiness-tests";
				SDKROOT = iphoneos;
				TARGETED_DEVICE_FAMILY = 1;
				TEST_HOST = "$(BUILT_PRODUCTS_DIR)/LynxShellE2EHost.app/LynxShellE2EHost";
			};
			name = Release;
		};
		31285A531E4989310E86C073 /* Release */ = {
			isa = XCBuildConfiguration;
			baseConfigurationReference = 733EB8F5862AB4FCBEE30596 /* Pods-LynxShell.release.xcconfig */;
			buildSettings = {
				ASSETCATALOG_COMPILER_APPICON_NAME = AppIcon;
				CODE_SIGN_IDENTITY = "Apple Development";
				CODE_SIGN_STYLE = Automatic;
				CURRENT_PROJECT_VERSION = 1;
				DEVELOPMENT_TEAM = J6SYSM2AHQ;
				ENABLE_USER_SCRIPT_SANDBOXING = NO;
				INFOPLIST_FILE = LynxShellSample/Supporting/Info.plist;
				IPHONEOS_DEPLOYMENT_TARGET = 14.0;
				LD_RUNPATH_SEARCH_PATHS = (
					"$(inherited)",
					"@executable_path/Frameworks",
				);
				MARKETING_VERSION = 1.0.0;
				OTHER_LDFLAGS = (
					"$(inherited)",
					"-ObjC",
				);
				PRODUCT_BUNDLE_IDENTIFIER = com.huangbaoche.client.store;
				SDKROOT = iphoneos;
				TARGETED_DEVICE_FAMILY = 1;
			};
			name = Release;
		};
		54ECA1837C351FE13ECA1EF0 /* Debug */ = {
			isa = XCBuildConfiguration;
			buildSettings = {
				BUNDLE_LOADER = "$(TEST_HOST)";
				GENERATE_INFOPLIST_FILE = YES;
				IPHONEOS_DEPLOYMENT_TARGET = 14.0;
				LD_RUNPATH_SEARCH_PATHS = (
					"$(inherited)",
					"@executable_path/Frameworks",
					"@loader_path/Frameworks",
				);
				PRODUCT_BUNDLE_IDENTIFIER = com.huangbaoche.client.store.uitests;
				SDKROOT = iphoneos;
				TARGETED_DEVICE_FAMILY = 1;
				TEST_TARGET_NAME = LynxShell;
			};
			name = Debug;
		};
		678F48CCF0C85EC8742C5C55 /* Release */ = {
			isa = XCBuildConfiguration;
			buildSettings = {
				BUNDLE_LOADER = "$(TEST_HOST)";
				GENERATE_INFOPLIST_FILE = YES;
				IPHONEOS_DEPLOYMENT_TARGET = 14.0;
				LD_RUNPATH_SEARCH_PATHS = (
					"$(inherited)",
					"@executable_path/Frameworks",
					"@loader_path/Frameworks",
				);
				PRODUCT_BUNDLE_IDENTIFIER = com.huangbaoche.client.store.otae2e.uitests;
				SDKROOT = iphoneos;
				TARGETED_DEVICE_FAMILY = 1;
				TEST_TARGET_NAME = LynxShellE2EHost;
			};
			name = Release;
		};
		77745A6AD7760BBBD9E75840 /* Debug */ = {
			isa = XCBuildConfiguration;
			baseConfigurationReference = 451B298A4D0B1A4EE25E9EBA /* Pods-LynxShellE2EHost.debug.xcconfig */;
			buildSettings = {
				ASSETCATALOG_COMPILER_APPICON_NAME = AppIcon;
				CODE_SIGN_IDENTITY = "Apple Development";
				CODE_SIGN_STYLE = Automatic;
				CURRENT_PROJECT_VERSION = 1;
				DEVELOPMENT_TEAM = J6SYSM2AHQ;
				ENABLE_USER_SCRIPT_SANDBOXING = NO;
				INFOPLIST_FILE = "LynxShellSample/Supporting/Info-Debug.plist";
				IPHONEOS_DEPLOYMENT_TARGET = 14.0;
				LD_RUNPATH_SEARCH_PATHS = (
					"$(inherited)",
					"@executable_path/Frameworks",
				);
				MARKETING_VERSION = 1.0.0;
				OTHER_LDFLAGS = (
					"$(inherited)",
					"-ObjC",
				);
				PRODUCT_BUNDLE_IDENTIFIER = com.huangbaoche.client.store.otae2e;
				SDKROOT = iphoneos;
				SWIFT_ACTIVE_COMPILATION_CONDITIONS = "$(inherited) LYNX_SHELL_E2E_CORE_ONLY";
				TARGETED_DEVICE_FAMILY = 1;
			};
			name = Debug;
		};
		80262B0FB3FE0D3898DE0789 /* Release */ = {
			isa = XCBuildConfiguration;
			buildSettings = {
				BUNDLE_LOADER = "$(TEST_HOST)";
				GENERATE_INFOPLIST_FILE = YES;
				IPHONEOS_DEPLOYMENT_TARGET = 14.0;
				LD_RUNPATH_SEARCH_PATHS = (
					"$(inherited)",
					"@executable_path/Frameworks",
					"@loader_path/Frameworks",
				);
				PRODUCT_BUNDLE_IDENTIFIER = com.huangbaoche.client.store.uitests;
				SDKROOT = iphoneos;
				TARGETED_DEVICE_FAMILY = 1;
				TEST_TARGET_NAME = LynxShell;
			};
			name = Release;
		};
		8DA1AA1D6788F492ED221961 /* Release */ = {
			isa = XCBuildConfiguration;
			buildSettings = {
				ALWAYS_SEARCH_USER_PATHS = NO;
				CLANG_ANALYZER_NONNULL = YES;
				CLANG_ANALYZER_NUMBER_OBJECT_CONVERSION = YES_AGGRESSIVE;
				CLANG_CXX_LANGUAGE_STANDARD = "gnu++14";
				CLANG_CXX_LIBRARY = "libc++";
				CLANG_ENABLE_EXPLICIT_MODULES = NO;
				CLANG_ENABLE_MODULES = YES;
				CLANG_ENABLE_OBJC_ARC = YES;
				CLANG_ENABLE_OBJC_WEAK = YES;
				CLANG_WARN_BLOCK_CAPTURE_AUTORELEASING = YES;
				CLANG_WARN_BOOL_CONVERSION = YES;
				CLANG_WARN_COMMA = YES;
				CLANG_WARN_CONSTANT_CONVERSION = YES;
				CLANG_WARN_DEPRECATED_OBJC_IMPLEMENTATIONS = YES;
				CLANG_WARN_DIRECT_OBJC_ISA_USAGE = YES_ERROR;
				CLANG_WARN_DOCUMENTATION_COMMENTS = YES;
				CLANG_WARN_EMPTY_BODY = YES;
				CLANG_WARN_ENUM_CONVERSION = YES;
				CLANG_WARN_INFINITE_RECURSION = YES;
				CLANG_WARN_INT_CONVERSION = YES;
				CLANG_WARN_NON_LITERAL_NULL_CONVERSION = YES;
				CLANG_WARN_OBJC_IMPLICIT_RETAIN_SELF = YES;
				CLANG_WARN_OBJC_LITERAL_CONVERSION = YES;
				CLANG_WARN_OBJC_ROOT_CLASS = YES_ERROR;
				CLANG_WARN_QUOTED_INCLUDE_IN_FRAMEWORK_HEADER = YES;
				CLANG_WARN_RANGE_LOOP_ANALYSIS = YES;
				CLANG_WARN_STRICT_PROTOTYPES = YES;
				CLANG_WARN_SUSPICIOUS_MOVE = YES;
				CLANG_WARN_UNGUARDED_AVAILABILITY = YES_AGGRESSIVE;
				CLANG_WARN_UNREACHABLE_CODE = YES;
				CLANG_WARN__DUPLICATE_METHOD_MATCH = YES;
				COPY_PHASE_STRIP = NO;
				DEBUG_INFORMATION_FORMAT = "dwarf-with-dsym";
				ENABLE_NS_ASSERTIONS = NO;
				ENABLE_STRICT_OBJC_MSGSEND = YES;
				ENABLE_USER_SCRIPT_SANDBOXING = NO;
				GCC_C_LANGUAGE_STANDARD = gnu11;
				GCC_NO_COMMON_BLOCKS = YES;
				GCC_WARN_64_TO_32_BIT_CONVERSION = YES;
				GCC_WARN_ABOUT_RETURN_TYPE = YES_ERROR;
				GCC_WARN_UNDECLARED_SELECTOR = YES;
				GCC_WARN_UNINITIALIZED_AUTOS = YES_AGGRESSIVE;
				GCC_WARN_UNUSED_FUNCTION = YES;
				GCC_WARN_UNUSED_VARIABLE = YES;
				IPHONEOS_DEPLOYMENT_TARGET = 14.0;
				MTL_ENABLE_DEBUG_INFO = NO;
				MTL_FAST_MATH = YES;
				PRODUCT_NAME = "$(TARGET_NAME)";
				SDKROOT = iphoneos;
				SWIFT_COMPILATION_MODE = wholemodule;
				SWIFT_ENABLE_EXPLICIT_MODULES = NO;
				SWIFT_OPTIMIZATION_LEVEL = "-O";
				SWIFT_VERSION = 5.0;
			};
			name = Release;
		};
		C67C3361DEE0D5D5731E60C1 /* Debug */ = {
			isa = XCBuildConfiguration;
			baseConfigurationReference = 7D084C2E2A6A3CAE21831EBE /* Pods-LynxShell.debug.xcconfig */;
			buildSettings = {
				ASSETCATALOG_COMPILER_APPICON_NAME = AppIcon;
				CODE_SIGN_IDENTITY = "Apple Development";
				CODE_SIGN_STYLE = Automatic;
				CURRENT_PROJECT_VERSION = 1;
				DEVELOPMENT_TEAM = J6SYSM2AHQ;
				ENABLE_USER_SCRIPT_SANDBOXING = NO;
				INFOPLIST_FILE = "LynxShellSample/Supporting/Info-Debug.plist";
				IPHONEOS_DEPLOYMENT_TARGET = 14.0;
				LD_RUNPATH_SEARCH_PATHS = (
					"$(inherited)",
					"@executable_path/Frameworks",
				);
				MARKETING_VERSION = 1.0.0;
				OTHER_LDFLAGS = (
					"$(inherited)",
					"-ObjC",
				);
				PRODUCT_BUNDLE_IDENTIFIER = com.huangbaoche.client.store;
				SDKROOT = iphoneos;
				TARGETED_DEVICE_FAMILY = 1;
			};
			name = Debug;
		};
		D372B17910B2F6993FF1C088 /* Debug */ = {
			isa = XCBuildConfiguration;
			buildSettings = {
				BUNDLE_LOADER = "$(TEST_HOST)";
				GENERATE_INFOPLIST_FILE = YES;
				IPHONEOS_DEPLOYMENT_TARGET = 14.0;
				LD_RUNPATH_SEARCH_PATHS = (
					"$(inherited)",
					"@executable_path/Frameworks",
					"@loader_path/Frameworks",
				);
				PRODUCT_BUNDLE_IDENTIFIER = com.huangbaoche.client.store.otae2e.uitests;
				SDKROOT = iphoneos;
				TARGETED_DEVICE_FAMILY = 1;
				TEST_TARGET_NAME = LynxShellE2EHost;
			};
			name = Debug;
		};
		FC3050807059B2B4A6F43B16 /* Debug */ = {
			isa = XCBuildConfiguration;
			baseConfigurationReference = 08D831E65EC3442566902FB6 /* Pods-LynxNativeReadinessTests.debug.xcconfig */;
			buildSettings = {
				BUNDLE_LOADER = "$(TEST_HOST)";
				GENERATE_INFOPLIST_FILE = YES;
				IPHONEOS_DEPLOYMENT_TARGET = 14.0;
				LD_RUNPATH_SEARCH_PATHS = (
					"$(inherited)",
					"@executable_path/Frameworks",
					"@loader_path/Frameworks",
				);
				PRODUCT_BUNDLE_IDENTIFIER = "com.huangbaoche.client.store.native-readiness-tests";
				SDKROOT = iphoneos;
				TARGETED_DEVICE_FAMILY = 1;
				TEST_HOST = "$(BUILT_PRODUCTS_DIR)/LynxShellE2EHost.app/LynxShellE2EHost";
			};
			name = Debug;
		};
		FDFD20D5373CCF92D13A6C55 /* Release */ = {
			isa = XCBuildConfiguration;
			baseConfigurationReference = E88A8D44CF89959CD5328FF2 /* Pods-LynxShellE2EHost.release.xcconfig */;
			buildSettings = {
				ASSETCATALOG_COMPILER_APPICON_NAME = AppIcon;
				CODE_SIGN_IDENTITY = "Apple Development";
				CODE_SIGN_STYLE = Automatic;
				CURRENT_PROJECT_VERSION = 1;
				DEVELOPMENT_TEAM = J6SYSM2AHQ;
				ENABLE_USER_SCRIPT_SANDBOXING = NO;
				INFOPLIST_FILE = LynxShellSample/Supporting/Info.plist;
				IPHONEOS_DEPLOYMENT_TARGET = 14.0;
				LD_RUNPATH_SEARCH_PATHS = (
					"$(inherited)",
					"@executable_path/Frameworks",
				);
				MARKETING_VERSION = 1.0.0;
				OTHER_LDFLAGS = (
					"$(inherited)",
					"-ObjC",
				);
				PRODUCT_BUNDLE_IDENTIFIER = com.huangbaoche.client.store.otae2e;
				SDKROOT = iphoneos;
				SWIFT_ACTIVE_COMPILATION_CONDITIONS = "$(inherited) LYNX_SHELL_E2E_CORE_ONLY";
				TARGETED_DEVICE_FAMILY = 1;
			};
			name = Release;
		};
/* End XCBuildConfiguration section */

/* Begin XCConfigurationList section */
		10CBD5561F722D0D98837FC6 /* Build configuration list for PBXNativeTarget "LynxNativeReadinessTests" */ = {
			isa = XCConfigurationList;
			buildConfigurations = (
				FC3050807059B2B4A6F43B16 /* Debug */,
				26893F77886FC57B8FB30704 /* Release */,
			);
			defaultConfigurationIsVisible = 0;
			defaultConfigurationName = Debug;
		};
		152B6AADF6121D162A95282E /* Build configuration list for PBXNativeTarget "LynxShell" */ = {
			isa = XCConfigurationList;
			buildConfigurations = (
				C67C3361DEE0D5D5731E60C1 /* Debug */,
				31285A531E4989310E86C073 /* Release */,
			);
			defaultConfigurationIsVisible = 0;
			defaultConfigurationName = Debug;
		};
		4786B07EF642293D35A572C4 /* Build configuration list for PBXNativeTarget "LynxShellUITests" */ = {
			isa = XCConfigurationList;
			buildConfigurations = (
				54ECA1837C351FE13ECA1EF0 /* Debug */,
				80262B0FB3FE0D3898DE0789 /* Release */,
			);
			defaultConfigurationIsVisible = 0;
			defaultConfigurationName = Debug;
		};
		4A4B178344E3A456221C436E /* Build configuration list for PBXProject "LynxShell" */ = {
			isa = XCConfigurationList;
			buildConfigurations = (
				213095ECEBF1FBD18CFADF5A /* Debug */,
				8DA1AA1D6788F492ED221961 /* Release */,
			);
			defaultConfigurationIsVisible = 0;
			defaultConfigurationName = Debug;
		};
		CE7C25B8594632FABDEDD125 /* Build configuration list for PBXNativeTarget "LynxShellE2EUITests" */ = {
			isa = XCConfigurationList;
			buildConfigurations = (
				D372B17910B2F6993FF1C088 /* Debug */,
				678F48CCF0C85EC8742C5C55 /* Release */,
			);
			defaultConfigurationIsVisible = 0;
			defaultConfigurationName = Debug;
		};
		D6C81D39346E8F1B124BEE1D /* Build configuration list for PBXNativeTarget "LynxShellE2EHost" */ = {
			isa = XCConfigurationList;
			buildConfigurations = (
				77745A6AD7760BBBD9E75840 /* Debug */,
				FDFD20D5373CCF92D13A6C55 /* Release */,
			);
			defaultConfigurationIsVisible = 0;
			defaultConfigurationName = Debug;
		};
/* End XCConfigurationList section */
	};
	rootObject = FDDF8BDF11B6C714A1B0811C /* Project object */;
}
