// !$*UTF8*$!
{
	archiveVersion = 1;
	classes = {
	};
	objectVersion = 77;
	objects = {

/* Begin PBXBuildFile section */
		0FFB13F6A08A246141124DF8 /* LynxShellUITests.swift in Sources */ = {isa = PBXBuildFile; fileRef = 27DFEDA91226844127382A87 /* LynxShellUITests.swift */; };
		3AD7D1A7722C5C17ADD73D13 /* LauncherViewController.swift in Sources */ = {isa = PBXBuildFile; fileRef = EB68D288FC09A76F8E3ABDBE /* LauncherViewController.swift */; };
		46A5DC58F96E91C57B9B9293 /* Pods_LynxShell.framework in Frameworks */ = {isa = PBXBuildFile; fileRef = D0222834D0966DCC86119189 /* Pods_LynxShell.framework */; };
		49EEF4ED4B79CD4CAB869EE5 /* SceneDelegate.swift in Sources */ = {isa = PBXBuildFile; fileRef = D535EAB0479812D11B4B6BF9 /* SceneDelegate.swift */; };
		5F6C79E4E81B012D7E2F8EDA /* LaunchScreen.storyboard in Resources */ = {isa = PBXBuildFile; fileRef = B2B8A488E6FB22D0D77C70C2 /* LaunchScreen.storyboard */; };
		60B9EE6C36D1D16F28EB08CC /* Bundles in Resources */ = {isa = PBXBuildFile; fileRef = 671E23524F850A0312DC1F31 /* Bundles */; };
		9B5CC5128AB238B01153064C /* UIViewController+ShellAlert.swift in Sources */ = {isa = PBXBuildFile; fileRef = D45F73F90995A6FFCC6C446B /* UIViewController+ShellAlert.swift */; };
		C60B4AEB7B3A6A801143BBB6 /* NativeTabBarDemoViewController.swift in Sources */ = {isa = PBXBuildFile; fileRef = FEC559492CD3CE5E5564261E /* NativeTabBarDemoViewController.swift */; };
		DBA3449C11D85900F50C72AB /* AppDelegate.swift in Sources */ = {isa = PBXBuildFile; fileRef = BDC72B6468F3396CF46F2562 /* AppDelegate.swift */; };
/* End PBXBuildFile section */

/* Begin PBXContainerItemProxy section */
		6B47582ED3EC5BC69F90FA8D /* PBXContainerItemProxy */ = {
			isa = PBXContainerItemProxy;
			containerPortal = FDDF8BDF11B6C714A1B0811C /* Project object */;
			proxyType = 1;
			remoteGlobalIDString = 1781B1EACFAA77DADE792A45;
			remoteInfo = LynxShell;
		};
/* End PBXContainerItemProxy section */

/* Begin PBXFileReference section */
		27DFEDA91226844127382A87 /* LynxShellUITests.swift */ = {isa = PBXFileReference; lastKnownFileType = sourcecode.swift; path = LynxShellUITests.swift; sourceTree = "<group>"; };
		671E23524F850A0312DC1F31 /* Bundles */ = {isa = PBXFileReference; lastKnownFileType = folder; name = Bundles; path = LynxShellSample/Resources/Bundles; sourceTree = SOURCE_ROOT; };
		8EBE180D630B12D18C532D91 /* Pods-LynxShell.release.xcconfig */ = {isa = PBXFileReference; includeInIndex = 1; lastKnownFileType = text.xcconfig; name = "Pods-LynxShell.release.xcconfig"; path = "Target Support Files/Pods-LynxShell/Pods-LynxShell.release.xcconfig"; sourceTree = "<group>"; };
		B2B8A488E6FB22D0D77C70C2 /* LaunchScreen.storyboard */ = {isa = PBXFileReference; lastKnownFileType = file.storyboard; path = LaunchScreen.storyboard; sourceTree = "<group>"; };
		BDC72B6468F3396CF46F2562 /* AppDelegate.swift */ = {isa = PBXFileReference; lastKnownFileType = sourcecode.swift; path = AppDelegate.swift; sourceTree = "<group>"; };
		C322FA3193AE7E7D598EA1EB /* Pods-LynxShell.debug.xcconfig */ = {isa = PBXFileReference; includeInIndex = 1; lastKnownFileType = text.xcconfig; name = "Pods-LynxShell.debug.xcconfig"; path = "Target Support Files/Pods-LynxShell/Pods-LynxShell.debug.xcconfig"; sourceTree = "<group>"; };
		CB1F313B2F4077991B8523DA /* LynxShell.app */ = {isa = PBXFileReference; includeInIndex = 0; lastKnownFileType = wrapper.application; path = LynxShell.app; sourceTree = BUILT_PRODUCTS_DIR; };
		D0222834D0966DCC86119189 /* Pods_LynxShell.framework */ = {isa = PBXFileReference; explicitFileType = wrapper.framework; includeInIndex = 0; path = Pods_LynxShell.framework; sourceTree = BUILT_PRODUCTS_DIR; };
		D45F73F90995A6FFCC6C446B /* UIViewController+ShellAlert.swift */ = {isa = PBXFileReference; lastKnownFileType = sourcecode.swift; path = "UIViewController+ShellAlert.swift"; sourceTree = "<group>"; };
		D535EAB0479812D11B4B6BF9 /* SceneDelegate.swift */ = {isa = PBXFileReference; lastKnownFileType = sourcecode.swift; path = SceneDelegate.swift; sourceTree = "<group>"; };
		EB68D288FC09A76F8E3ABDBE /* LauncherViewController.swift */ = {isa = PBXFileReference; lastKnownFileType = sourcecode.swift; path = LauncherViewController.swift; sourceTree = "<group>"; };
		FDFE6EDFEA96961A72494905 /* LynxShellUITests.xctest */ = {isa = PBXFileReference; includeInIndex = 0; lastKnownFileType = wrapper.cfbundle; path = LynxShellUITests.xctest; sourceTree = BUILT_PRODUCTS_DIR; };
		FEC559492CD3CE5E5564261E /* NativeTabBarDemoViewController.swift */ = {isa = PBXFileReference; lastKnownFileType = sourcecode.swift; path = NativeTabBarDemoViewController.swift; sourceTree = "<group>"; };
/* End PBXFileReference section */

/* Begin PBXFrameworksBuildPhase section */
		33CE0A8E63052FAC3FA3DD37 /* Frameworks */ = {
			isa = PBXFrameworksBuildPhase;
			buildActionMask = 2147483647;
			files = (
				46A5DC58F96E91C57B9B9293 /* Pods_LynxShell.framework in Frameworks */,
			);
			runOnlyForDeploymentPostprocessing = 0;
		};
/* End PBXFrameworksBuildPhase section */

/* Begin PBXGroup section */
		0008A317B9BEEC9C7A94C9C8 /* Products */ = {
			isa = PBXGroup;
			children = (
				CB1F313B2F4077991B8523DA /* LynxShell.app */,
				FDFE6EDFEA96961A72494905 /* LynxShellUITests.xctest */,
			);
			name = Products;
			sourceTree = "<group>";
		};
		4A1A769C40BA04681154E024 /* Pods */ = {
			isa = PBXGroup;
			children = (
				C322FA3193AE7E7D598EA1EB /* Pods-LynxShell.debug.xcconfig */,
				8EBE180D630B12D18C532D91 /* Pods-LynxShell.release.xcconfig */,
			);
			name = Pods;
			path = Pods;
			sourceTree = "<group>";
		};
		4FE3E5EEB94B280E2DBF4DD7 /* Supporting */ = {
			isa = PBXGroup;
			children = (
				B2B8A488E6FB22D0D77C70C2 /* LaunchScreen.storyboard */,
			);
			path = Supporting;
			sourceTree = "<group>";
		};
		6FFC29560BDEA8ADB7656EBE /* App */ = {
			isa = PBXGroup;
			children = (
				BDC72B6468F3396CF46F2562 /* AppDelegate.swift */,
				D535EAB0479812D11B4B6BF9 /* SceneDelegate.swift */,
			);
			path = App;
			sourceTree = "<group>";
		};
		74A1294F5FBB0E6690EEE134 /* Frameworks */ = {
			isa = PBXGroup;
			children = (
				D0222834D0966DCC86119189 /* Pods_LynxShell.framework */,
			);
			name = Frameworks;
			sourceTree = "<group>";
		};
		C89ED508A02A75E2433DBBB4 = {
			isa = PBXGroup;
			children = (
				671E23524F850A0312DC1F31 /* Bundles */,
				E4EF8224AD5989EC30CCFD7D /* LynxShellSample */,
				F2F381773CC25F187FF35DBA /* UITests */,
				0008A317B9BEEC9C7A94C9C8 /* Products */,
				4A1A769C40BA04681154E024 /* Pods */,
				74A1294F5FBB0E6690EEE134 /* Frameworks */,
			);
			sourceTree = "<group>";
		};
		DA6878B035A6F741C354F5F5 /* UI */ = {
			isa = PBXGroup;
			children = (
				EB68D288FC09A76F8E3ABDBE /* LauncherViewController.swift */,
				FEC559492CD3CE5E5564261E /* NativeTabBarDemoViewController.swift */,
				D45F73F90995A6FFCC6C446B /* UIViewController+ShellAlert.swift */,
			);
			path = UI;
			sourceTree = "<group>";
		};
		E4EF8224AD5989EC30CCFD7D /* LynxShellSample */ = {
			isa = PBXGroup;
			children = (
				6FFC29560BDEA8ADB7656EBE /* App */,
				4FE3E5EEB94B280E2DBF4DD7 /* Supporting */,
				DA6878B035A6F741C354F5F5 /* UI */,
			);
			path = LynxShellSample;
			sourceTree = "<group>";
		};
		F2F381773CC25F187FF35DBA /* UITests */ = {
			isa = PBXGroup;
			children = (
				27DFEDA91226844127382A87 /* LynxShellUITests.swift */,
			);
			name = UITests;
			path = Tests/UITests;
			sourceTree = "<group>";
		};
/* End PBXGroup section */

/* Begin PBXNativeTarget section */
		1781B1EACFAA77DADE792A45 /* LynxShell */ = {
			isa = PBXNativeTarget;
			buildConfigurationList = 152B6AADF6121D162A95282E /* Build configuration list for PBXNativeTarget "LynxShell" */;
			buildPhases = (
				780870B28187EAB3BDF8D611 /* [CP] Check Pods Manifest.lock */,
				85EDB69EDB4E62C8A2F5F7C5 /* Sources */,
				BB93503754F8D1B943BE6CB6 /* Resources */,
				33CE0A8E63052FAC3FA3DD37 /* Frameworks */,
				82B8720DDAA02601471BD786 /* [CP] Copy Pods Resources */,
			);
			buildRules = (
			);
			dependencies = (
			);
			name = LynxShell;
			productName = LynxShell;
			productReference = CB1F313B2F4077991B8523DA /* LynxShell.app */;
			productType = "com.apple.product-type.application";
		};
		A765ADCE709CBF3C7FED4333 /* LynxShellUITests */ = {
			isa = PBXNativeTarget;
			buildConfigurationList = 4786B07EF642293D35A572C4 /* Build configuration list for PBXNativeTarget "LynxShellUITests" */;
			buildPhases = (
				02BD18E73EAF8ED236F20B5F /* Sources */,
			);
			buildRules = (
			);
			dependencies = (
				4F00C452E8F49DC607D18BD3 /* PBXTargetDependency */,
			);
			name = LynxShellUITests;
			productName = LynxShellUITests;
			productReference = FDFE6EDFEA96961A72494905 /* LynxShellUITests.xctest */;
			productType = "com.apple.product-type.bundle.ui-testing";
		};
/* End PBXNativeTarget section */

/* Begin PBXProject section */
		FDDF8BDF11B6C714A1B0811C /* Project object */ = {
			isa = PBXProject;
			attributes = {
				BuildIndependentTargetsInParallel = YES;
				LastUpgradeCheck = 1430;
				TargetAttributes = {
					A765ADCE709CBF3C7FED4333 = {
						TestTargetID = 1781B1EACFAA77DADE792A45;
					};
				};
			};
			buildConfigurationList = 4A4B178344E3A456221C436E /* Build configuration list for PBXProject "LynxShell" */;
			developmentRegion = en;
			hasScannedForEncodings = 0;
			knownRegions = (
				Base,
				en,
			);
			mainGroup = C89ED508A02A75E2433DBBB4;
			minimizedProjectReferenceProxies = 1;
			preferredProjectObjectVersion = 77;
			productRefGroup = 0008A317B9BEEC9C7A94C9C8 /* Products */;
			projectDirPath = "";
			projectRoot = "";
			targets = (
				1781B1EACFAA77DADE792A45 /* LynxShell */,
				A765ADCE709CBF3C7FED4333 /* LynxShellUITests */,
			);
		};
/* End PBXProject section */

/* Begin PBXResourcesBuildPhase section */
		BB93503754F8D1B943BE6CB6 /* Resources */ = {
			isa = PBXResourcesBuildPhase;
			buildActionMask = 2147483647;
			files = (
				60B9EE6C36D1D16F28EB08CC /* Bundles in Resources */,
				5F6C79E4E81B012D7E2F8EDA /* LaunchScreen.storyboard in Resources */,
			);
			runOnlyForDeploymentPostprocessing = 0;
		};
/* End PBXResourcesBuildPhase section */

/* Begin PBXShellScriptBuildPhase section */
		780870B28187EAB3BDF8D611 /* [CP] Check Pods Manifest.lock */ = {
			isa = PBXShellScriptBuildPhase;
			buildActionMask = 2147483647;
			files = (
			);
			inputFileListPaths = (
			);
			inputPaths = (
				"${PODS_PODFILE_DIR_PATH}/Podfile.lock",
				"${PODS_ROOT}/Manifest.lock",
			);
			name = "[CP] Check Pods Manifest.lock";
			outputFileListPaths = (
			);
			outputPaths = (
				"$(DERIVED_FILE_DIR)/Pods-LynxShell-checkManifestLockResult.txt",
			);
			runOnlyForDeploymentPostprocessing = 0;
			shellPath = /bin/sh;
			shellScript = "diff \"${PODS_PODFILE_DIR_PATH}/Podfile.lock\" \"${PODS_ROOT}/Manifest.lock\" > /dev/null\nif [ $? != 0 ] ; then\n    # print error to STDERR\n    echo \"error: The sandbox is not in sync with the Podfile.lock. Run 'pod install' or update your CocoaPods installation.\" >&2\n    exit 1\nfi\n# This output is used by Xcode 'outputs' to avoid re-running this script phase.\necho \"SUCCESS\" > \"${SCRIPT_OUTPUT_FILE_0}\"\n";
			showEnvVarsInLog = 0;
		};
		82B8720DDAA02601471BD786 /* [CP] Copy Pods Resources */ = {
			isa = PBXShellScriptBuildPhase;
			buildActionMask = 2147483647;
			files = (
			);
			inputFileListPaths = (
				"${PODS_ROOT}/Target Support Files/Pods-LynxShell/Pods-LynxShell-resources-${CONFIGURATION}-input-files.xcfilelist",
			);
			name = "[CP] Copy Pods Resources";
			outputFileListPaths = (
				"${PODS_ROOT}/Target Support Files/Pods-LynxShell/Pods-LynxShell-resources-${CONFIGURATION}-output-files.xcfilelist",
			);
			runOnlyForDeploymentPostprocessing = 0;
			shellPath = /bin/sh;
			shellScript = "\"${PODS_ROOT}/Target Support Files/Pods-LynxShell/Pods-LynxShell-resources.sh\"\n";
			showEnvVarsInLog = 0;
		};
/* End PBXShellScriptBuildPhase section */

/* Begin PBXSourcesBuildPhase section */
		02BD18E73EAF8ED236F20B5F /* Sources */ = {
			isa = PBXSourcesBuildPhase;
			buildActionMask = 2147483647;
			files = (
				0FFB13F6A08A246141124DF8 /* LynxShellUITests.swift in Sources */,
			);
			runOnlyForDeploymentPostprocessing = 0;
		};
		85EDB69EDB4E62C8A2F5F7C5 /* Sources */ = {
			isa = PBXSourcesBuildPhase;
			buildActionMask = 2147483647;
			files = (
				DBA3449C11D85900F50C72AB /* AppDelegate.swift in Sources */,
				3AD7D1A7722C5C17ADD73D13 /* LauncherViewController.swift in Sources */,
				C60B4AEB7B3A6A801143BBB6 /* NativeTabBarDemoViewController.swift in Sources */,
				49EEF4ED4B79CD4CAB869EE5 /* SceneDelegate.swift in Sources */,
				9B5CC5128AB238B01153064C /* UIViewController+ShellAlert.swift in Sources */,
			);
			runOnlyForDeploymentPostprocessing = 0;
		};
/* End PBXSourcesBuildPhase section */

/* Begin PBXTargetDependency section */
		4F00C452E8F49DC607D18BD3 /* PBXTargetDependency */ = {
			isa = PBXTargetDependency;
			target = 1781B1EACFAA77DADE792A45 /* LynxShell */;
			targetProxy = 6B47582ED3EC5BC69F90FA8D /* PBXContainerItemProxy */;
		};
/* End PBXTargetDependency section */

/* Begin XCBuildConfiguration section */
		213095ECEBF1FBD18CFADF5A /* Debug */ = {
			isa = XCBuildConfiguration;
			buildSettings = {
				ALWAYS_SEARCH_USER_PATHS = NO;
				CLANG_ANALYZER_NONNULL = YES;
				CLANG_ANALYZER_NUMBER_OBJECT_CONVERSION = YES_AGGRESSIVE;
				CLANG_CXX_LANGUAGE_STANDARD = "gnu++14";
				CLANG_CXX_LIBRARY = "libc++";
				CLANG_ENABLE_MODULES = YES;
				CLANG_ENABLE_OBJC_ARC = YES;
				CLANG_ENABLE_OBJC_WEAK = YES;
				CLANG_WARN_BLOCK_CAPTURE_AUTORELEASING = YES;
				CLANG_WARN_BOOL_CONVERSION = YES;
				CLANG_WARN_COMMA = YES;
				CLANG_WARN_CONSTANT_CONVERSION = YES;
				CLANG_WARN_DEPRECATED_OBJC_IMPLEMENTATIONS = YES;
				CLANG_WARN_DIRECT_OBJC_ISA_USAGE = YES_ERROR;
				CLANG_WARN_DOCUMENTATION_COMMENTS = YES;
				CLANG_WARN_EMPTY_BODY = YES;
				CLANG_WARN_ENUM_CONVERSION = YES;
				CLANG_WARN_INFINITE_RECURSION = YES;
				CLANG_WARN_INT_CONVERSION = YES;
				CLANG_WARN_NON_LITERAL_NULL_CONVERSION = YES;
				CLANG_WARN_OBJC_IMPLICIT_RETAIN_SELF = YES;
				CLANG_WARN_OBJC_LITERAL_CONVERSION = YES;
				CLANG_WARN_OBJC_ROOT_CLASS = YES_ERROR;
				CLANG_WARN_QUOTED_INCLUDE_IN_FRAMEWORK_HEADER = YES;
				CLANG_WARN_RANGE_LOOP_ANALYSIS = YES;
				CLANG_WARN_STRICT_PROTOTYPES = YES;
				CLANG_WARN_SUSPICIOUS_MOVE = YES;
				CLANG_WARN_UNGUARDED_AVAILABILITY = YES_AGGRESSIVE;
				CLANG_WARN_UNREACHABLE_CODE = YES;
				CLANG_WARN__DUPLICATE_METHOD_MATCH = YES;
				COPY_PHASE_STRIP = NO;
				DEBUG_INFORMATION_FORMAT = dwarf;
				ENABLE_STRICT_OBJC_MSGSEND = YES;
				ENABLE_TESTABILITY = YES;
				ENABLE_USER_SCRIPT_SANDBOXING = NO;
				GCC_C_LANGUAGE_STANDARD = gnu11;
				GCC_DYNAMIC_NO_PIC = NO;
				GCC_NO_COMMON_BLOCKS = YES;
				GCC_OPTIMIZATION_LEVEL = 0;
				GCC_PREPROCESSOR_DEFINITIONS = (
					"$(inherited)",
					"DEBUG=1",
				);
				GCC_WARN_64_TO_32_BIT_CONVERSION = YES;
				GCC_WARN_ABOUT_RETURN_TYPE = YES_ERROR;
				GCC_WARN_UNDECLARED_SELECTOR = YES;
				GCC_WARN_UNINITIALIZED_AUTOS = YES_AGGRESSIVE;
				GCC_WARN_UNUSED_FUNCTION = YES;
				GCC_WARN_UNUSED_VARIABLE = YES;
				IPHONEOS_DEPLOYMENT_TARGET = 13.0;
				MTL_ENABLE_DEBUG_INFO = INCLUDE_SOURCE;
				MTL_FAST_MATH = YES;
				ONLY_ACTIVE_ARCH = YES;
				PRODUCT_NAME = "$(TARGET_NAME)";
				SDKROOT = iphoneos;
				SWIFT_ACTIVE_COMPILATION_CONDITIONS = DEBUG;
				SWIFT_OPTIMIZATION_LEVEL = "-Onone";
				SWIFT_VERSION = 5.0;
			};
			name = Debug;
		};
		31285A531E4989310E86C073 /* Release */ = {
			isa = XCBuildConfiguration;
			baseConfigurationReference = 8EBE180D630B12D18C532D91 /* Pods-LynxShell.release.xcconfig */;
			buildSettings = {
				ASSETCATALOG_COMPILER_APPICON_NAME = AppIcon;
				CODE_SIGN_IDENTITY = "iPhone Developer";
				ENABLE_USER_SCRIPT_SANDBOXING = NO;
				INFOPLIST_FILE = LynxShellSample/Supporting/Info.plist;
				IPHONEOS_DEPLOYMENT_TARGET = 13.0;
				LD_RUNPATH_SEARCH_PATHS = (
					"$(inherited)",
					"@executable_path/Frameworks",
				);
				OTHER_LDFLAGS = (
					"$(inherited)",
					"-ObjC",
				);
				PRODUCT_BUNDLE_IDENTIFIER = com.example.lynxshell;
				SDKROOT = iphoneos;
				TARGETED_DEVICE_FAMILY = "1,2";
			};
			name = Release;
		};
		54ECA1837C351FE13ECA1EF0 /* Debug */ = {
			isa = XCBuildConfiguration;
			buildSettings = {
				BUNDLE_LOADER = "$(TEST_HOST)";
				GENERATE_INFOPLIST_FILE = YES;
				IPHONEOS_DEPLOYMENT_TARGET = 13.0;
				LD_RUNPATH_SEARCH_PATHS = (
					"$(inherited)",
					"@executable_path/Frameworks",
					"@loader_path/Frameworks",
				);
				PRODUCT_BUNDLE_IDENTIFIER = com.example.lynxshell.uitests;
				SDKROOT = iphoneos;
				TARGETED_DEVICE_FAMILY = "1,2";
				TEST_TARGET_NAME = LynxShell;
			};
			name = Debug;
		};
		80262B0FB3FE0D3898DE0789 /* Release */ = {
			isa = XCBuildConfiguration;
			buildSettings = {
				BUNDLE_LOADER = "$(TEST_HOST)";
				GENERATE_INFOPLIST_FILE = YES;
				IPHONEOS_DEPLOYMENT_TARGET = 13.0;
				LD_RUNPATH_SEARCH_PATHS = (
					"$(inherited)",
					"@executable_path/Frameworks",
					"@loader_path/Frameworks",
				);
				PRODUCT_BUNDLE_IDENTIFIER = com.example.lynxshell.uitests;
				SDKROOT = iphoneos;
				TARGETED_DEVICE_FAMILY = "1,2";
				TEST_TARGET_NAME = LynxShell;
			};
			name = Release;
		};
		8DA1AA1D6788F492ED221961 /* Release */ = {
			isa = XCBuildConfiguration;
			buildSettings = {
				ALWAYS_SEARCH_USER_PATHS = NO;
				CLANG_ANALYZER_NONNULL = YES;
				CLANG_ANALYZER_NUMBER_OBJECT_CONVERSION = YES_AGGRESSIVE;
				CLANG_CXX_LANGUAGE_STANDARD = "gnu++14";
				CLANG_CXX_LIBRARY = "libc++";
				CLANG_ENABLE_MODULES = YES;
				CLANG_ENABLE_OBJC_ARC = YES;
				CLANG_ENABLE_OBJC_WEAK = YES;
				CLANG_WARN_BLOCK_CAPTURE_AUTORELEASING = YES;
				CLANG_WARN_BOOL_CONVERSION = YES;
				CLANG_WARN_COMMA = YES;
				CLANG_WARN_CONSTANT_CONVERSION = YES;
				CLANG_WARN_DEPRECATED_OBJC_IMPLEMENTATIONS = YES;
				CLANG_WARN_DIRECT_OBJC_ISA_USAGE = YES_ERROR;
				CLANG_WARN_DOCUMENTATION_COMMENTS = YES;
				CLANG_WARN_EMPTY_BODY = YES;
				CLANG_WARN_ENUM_CONVERSION = YES;
				CLANG_WARN_INFINITE_RECURSION = YES;
				CLANG_WARN_INT_CONVERSION = YES;
				CLANG_WARN_NON_LITERAL_NULL_CONVERSION = YES;
				CLANG_WARN_OBJC_IMPLICIT_RETAIN_SELF = YES;
				CLANG_WARN_OBJC_LITERAL_CONVERSION = YES;
				CLANG_WARN_OBJC_ROOT_CLASS = YES_ERROR;
				CLANG_WARN_QUOTED_INCLUDE_IN_FRAMEWORK_HEADER = YES;
				CLANG_WARN_RANGE_LOOP_ANALYSIS = YES;
				CLANG_WARN_STRICT_PROTOTYPES = YES;
				CLANG_WARN_SUSPICIOUS_MOVE = YES;
				CLANG_WARN_UNGUARDED_AVAILABILITY = YES_AGGRESSIVE;
				CLANG_WARN_UNREACHABLE_CODE = YES;
				CLANG_WARN__DUPLICATE_METHOD_MATCH = YES;
				COPY_PHASE_STRIP = NO;
				DEBUG_INFORMATION_FORMAT = "dwarf-with-dsym";
				ENABLE_NS_ASSERTIONS = NO;
				ENABLE_STRICT_OBJC_MSGSEND = YES;
				ENABLE_USER_SCRIPT_SANDBOXING = NO;
				GCC_C_LANGUAGE_STANDARD = gnu11;
				GCC_NO_COMMON_BLOCKS = YES;
				GCC_WARN_64_TO_32_BIT_CONVERSION = YES;
				GCC_WARN_ABOUT_RETURN_TYPE = YES_ERROR;
				GCC_WARN_UNDECLARED_SELECTOR = YES;
				GCC_WARN_UNINITIALIZED_AUTOS = YES_AGGRESSIVE;
				GCC_WARN_UNUSED_FUNCTION = YES;
				GCC_WARN_UNUSED_VARIABLE = YES;
				IPHONEOS_DEPLOYMENT_TARGET = 13.0;
				MTL_ENABLE_DEBUG_INFO = NO;
				MTL_FAST_MATH = YES;
				PRODUCT_NAME = "$(TARGET_NAME)";
				SDKROOT = iphoneos;
				SWIFT_COMPILATION_MODE = wholemodule;
				SWIFT_OPTIMIZATION_LEVEL = "-O";
				SWIFT_VERSION = 5.0;
			};
			name = Release;
		};
		C67C3361DEE0D5D5731E60C1 /* Debug */ = {
			isa = XCBuildConfiguration;
			baseConfigurationReference = C322FA3193AE7E7D598EA1EB /* Pods-LynxShell.debug.xcconfig */;
			buildSettings = {
				ASSETCATALOG_COMPILER_APPICON_NAME = AppIcon;
				CODE_SIGN_IDENTITY = "iPhone Developer";
				ENABLE_USER_SCRIPT_SANDBOXING = NO;
				INFOPLIST_FILE = "LynxShellSample/Supporting/Info-Debug.plist";
				IPHONEOS_DEPLOYMENT_TARGET = 13.0;
				LD_RUNPATH_SEARCH_PATHS = (
					"$(inherited)",
					"@executable_path/Frameworks",
				);
				OTHER_LDFLAGS = (
					"$(inherited)",
					"-ObjC",
				);
				PRODUCT_BUNDLE_IDENTIFIER = com.example.lynxshell;
				SDKROOT = iphoneos;
				TARGETED_DEVICE_FAMILY = "1,2";
			};
			name = Debug;
		};
/* End XCBuildConfiguration section */

/* Begin XCConfigurationList section */
		152B6AADF6121D162A95282E /* Build configuration list for PBXNativeTarget "LynxShell" */ = {
			isa = XCConfigurationList;
			buildConfigurations = (
				C67C3361DEE0D5D5731E60C1 /* Debug */,
				31285A531E4989310E86C073 /* Release */,
			);
			defaultConfigurationIsVisible = 0;
			defaultConfigurationName = Debug;
		};
		4786B07EF642293D35A572C4 /* Build configuration list for PBXNativeTarget "LynxShellUITests" */ = {
			isa = XCConfigurationList;
			buildConfigurations = (
				54ECA1837C351FE13ECA1EF0 /* Debug */,
				80262B0FB3FE0D3898DE0789 /* Release */,
			);
			defaultConfigurationIsVisible = 0;
			defaultConfigurationName = Debug;
		};
		4A4B178344E3A456221C436E /* Build configuration list for PBXProject "LynxShell" */ = {
			isa = XCConfigurationList;
			buildConfigurations = (
				213095ECEBF1FBD18CFADF5A /* Debug */,
				8DA1AA1D6788F492ED221961 /* Release */,
			);
			defaultConfigurationIsVisible = 0;
			defaultConfigurationName = Debug;
		};
/* End XCConfigurationList section */
	};
	rootObject = FDDF8BDF11B6C714A1B0811C /* Project object */;
}
